
Microsoft Visual Studio Solution File, Format Version 12.00
# Visual Studio Version 17
VisualStudioVersion = 17.9.34714.143
MinimumVisualStudioVersion = 10.0.40219.1
Project("{FAE04EC0-301F-11D3-BF4B-00C04F79EFBC}") = "HWNDParentTest", "HWNDParentTest\HWNDParentTest.csproj", "{106773CE-03D6-49F8-8440-B72CEC48E98A}"
EndProject
Global
	GlobalSection(SolutionConfigurationPlatforms) = preSolution
		Debug|Any CPU = Debug|Any CPU
		Release|Any CPU = Release|Any CPU
	EndGlobalSection
	GlobalSection(ProjectConfigurationPlatforms) = postSolution
		{106773CE-03D6-49F8-8440-B72CEC48E98A}.Debug|Any CPU.ActiveCfg = Debug|Any CPU
		{106773CE-03D6-49F8-8440-B72CEC48E98A}.Debug|Any CPU.Build.0 = Debug|Any CPU
		{106773CE-03D6-49F8-8440-B72CEC48E98A}.Release|Any CPU.ActiveCfg = Release|Any CPU
		{106773CE-03D6-49F8-8440-B72CEC48E98A}.Release|Any CPU.Build.0 = Release|Any CPU
	EndGlobalSection
	GlobalSection(SolutionProperties) = preSolution
		HideSolutionNode = FALSE
	EndGlobalSection
	GlobalSection(ExtensibilityGlobals) = postSolution
		SolutionGuid = {F1FEB205-791F-43D3-80C2-109F084F13CC}
	EndGlobalSection
EndGlobal
